
Microsoft Visual Studio Solution File, Format Version 12.00
# Visual Studio Version 16
VisualStudioVersion = 16.0.31624.102
MinimumVisualStudioVersion = 10.0.40219.1
Project("{FAE04EC0-301F-11D3-BF4B-00C04F79EFBC}") = "Calculadora", "Calculadora.csproj", "{0043F214-70C3-413E-A626-CE641B2957FF}"
EndProject
Global
	GlobalSection(SolutionConfigurationPlatforms) = preSolution
		Debug|Any CPU = Debug|Any CPU
		Release|Any CPU = Release|Any CPU
	EndGlobalSection
	GlobalSection(ProjectConfigurationPlatforms) = postSolution
		{0043F214-70C3-413E-A626-CE641B2957FF}.Debug|Any CPU.ActiveCfg = Debug|Any CPU
		{0043F214-70C3-413E-A626-CE641B2957FF}.Debug|Any CPU.Build.0 = Debug|Any CPU
		{0043F214-70C3-413E-A626-CE641B2957FF}.Release|Any CPU.ActiveCfg = Release|Any CPU
		{0043F214-70C3-413E-A626-CE641B2957FF}.Release|Any CPU.Build.0 = Release|Any CPU
	EndGlobalSection
	GlobalSection(SolutionProperties) = preSolution
		HideSolutionNode = FALSE
	EndGlobalSection
	GlobalSection(ExtensibilityGlobals) = postSolution
		SolutionGuid = {903EFF38-71C4-474A-9FF2-1AFA476FF061}
	EndGlobalSection
EndGlobal
